// !$*UTF8*$!
{
	archiveVersion = 1;
	classes = {
	};
	objectVersion = 77;
	objects = {

/* Begin PBXBuildFile section */
		AA11BB22CC33DD44EE550022 /* RevenueCat in Frameworks */ = {isa = PBXBuildFile; productRef = AA11BB22CC33DD44EE550021 /* RevenueCat */; };
/* End PBXBuildFile section */

/* Begin PBXFileReference section */
		AA11BB22CC33DD44EE550004 /* WalkUP.app */ = {isa = PBXFileReference; explicitFileType = wrapper.application; includeInIndex = 0; path = WalkUP.app; sourceTree = BUILT_PRODUCTS_DIR; };
		AA11BB22CC33DD44EE550010 /* WalkUP.entitlements */ = {isa = PBXFileReference; lastKnownFileType = text.plist.entitlements; path = WalkUP.entitlements; sourceTree = "<group>"; };
		AA11BB22CC33DD44EE550011 /* Config.xcconfig */ = {isa = PBXFileReference; lastKnownFileType = text.xcconfig; path = Config.xcconfig; sourceTree = "<group>"; };
/* End PBXFileReference section */

/* Begin PBXFileSystemSynchronizedRootGroup section */
		AA11BB22CC33DD44EE550006 /* WalkUP */ = {
			isa = PBXFileSystemSynchronizedRootGroup;
			path = WalkUP;
			sourceTree = "<group>";
		};
/* End PBXFileSystemSynchronizedRootGroup section */

/* Begin PBXFrameworksBuildPhase section */
		AA11BB22CC33DD44EE550008 /* Frameworks */ = {
			isa = PBXFrameworksBuildPhase;
			buildActionMask = 2147483647;
			files = (
				AA11BB22CC33DD44EE550022 /* RevenueCat in Frameworks */,
			);
			runOnlyForDeploymentPostprocessing = 0;
		};
/* End PBXFrameworksBuildPhase section */

/* Begin PBXGroup section */
		AA11BB22CC33DD44EE550002 = {
			isa = PBXGroup;
			children = (
				AA11BB22CC33DD44EE550006 /* WalkUP */,
				AA11BB22CC33DD44EE550010 /* WalkUP.entitlements */,
				AA11BB22CC33DD44EE550011 /* Config.xcconfig */,
				AA11BB22CC33DD44EE550003 /* Products */,
			);
			sourceTree = "<group>";
		};
		AA11BB22CC33DD44EE550003 /* Products */ = {
			isa = PBXGroup;
			children = (
				AA11BB22CC33DD44EE550004 /* WalkUP.app */,
			);
			name = Products;
			sourceTree = "<group>";
		};
/* End PBXGroup section */

/* Begin PBXNativeTarget section */
		AA11BB22CC33DD44EE550005 /* WalkUP */ = {
			isa = PBXNativeTarget;
			buildConfigurationList = AA11BB22CC33DD44EE55000B /* Build configuration list for PBXNativeTarget "WalkUP" */;
			buildPhases = (
				AA11BB22CC33DD44EE550007 /* Sources */,
				AA11BB22CC33DD44EE550008 /* Frameworks */,
				AA11BB22CC33DD44EE550009 /* Resources */,
			);
			buildRules = (
			);
			dependencies = (
			);
			fileSystemSynchronizedGroups = (
				AA11BB22CC33DD44EE550006 /* WalkUP */,
			);
			name = WalkUP;
			packageProductDependencies = (
				AA11BB22CC33DD44EE550021 /* RevenueCat */,
			);
			productName = WalkUP;
			productReference = AA11BB22CC33DD44EE550004 /* WalkUP.app */;
			productType = "com.apple.product-type.application";
		};
/* End PBXNativeTarget section */

/* Begin PBXProject section */
		AA11BB22CC33DD44EE550001 /* Project object */ = {
			isa = PBXProject;
			attributes = {
				BuildIndependentTargetsInParallel = 1;
				LastSwiftUpdateCheck = 2630;
				LastUpgradeCheck = 2630;
				TargetAttributes = {
					AA11BB22CC33DD44EE550005 = {
						CreatedOnToolsVersion = 26.3;
					};
				};
			};
			buildConfigurationList = AA11BB22CC33DD44EE55000A /* Build configuration list for PBXProject "WalkUP" */;
			developmentRegion = en;
			hasScannedForEncodings = 0;
			knownRegions = (
				en,
				Base,
				ja,
			);
			mainGroup = AA11BB22CC33DD44EE550002;
			minimizedProjectReferenceProxies = 1;
			packageReferences = (
				AA11BB22CC33DD44EE550020 /* XCRemoteSwiftPackageReference "purchases-ios-spm" */,
			);
			preferredProjectObjectVersion = 77;
			productRefGroup = AA11BB22CC33DD44EE550003 /* Products */;
			projectDirPath = "";
			projectRoot = "";
			targets = (
				AA11BB22CC33DD44EE550005 /* WalkUP */,
			);
		};
/* End PBXProject section */

/* Begin PBXResourcesBuildPhase section */
		AA11BB22CC33DD44EE550009 /* Resources */ = {
			isa = PBXResourcesBuildPhase;
			buildActionMask = 2147483647;
			files = (
			);
			runOnlyForDeploymentPostprocessing = 0;
		};
/* End PBXResourcesBuildPhase section */

/* Begin PBXSourcesBuildPhase section */
		AA11BB22CC33DD44EE550007 /* Sources */ = {
			isa = PBXSourcesBuildPhase;
			buildActionMask = 2147483647;
			files = (
			);
			runOnlyForDeploymentPostprocessing = 0;
		};
/* End PBXSourcesBuildPhase section */

/* Begin XCBuildConfiguration section */
		AA11BB22CC33DD44EE55000C /* Debug */ = {
			isa = XCBuildConfiguration;
			buildSettings = {
				ALWAYS_SEARCH_USER_PATHS = NO;
				CLANG_ENABLE_MODULES = YES;
				CLANG_ENABLE_OBJC_ARC = YES;
				COPY_PHASE_STRIP = NO;
				DEBUG_INFORMATION_FORMAT = dwarf;
				ENABLE_STRICT_OBJC_MSGSEND = YES;
				ENABLE_TESTABILITY = YES;
				ENABLE_USER_SCRIPT_SANDBOXING = YES;
				GCC_C_LANGUAGE_STANDARD = gnu17;
				GCC_DYNAMIC_NO_PIC = NO;
				GCC_NO_COMMON_BLOCKS = YES;
				GCC_OPTIMIZATION_LEVEL = 0;
				GCC_PREPROCESSOR_DEFINITIONS = (
					"DEBUG=1",
					"$(inherited)",
				);
				IPHONEOS_DEPLOYMENT_TARGET = 17.0;
				MTL_ENABLE_DEBUG_INFO = INCLUDE_SOURCE;
				MTL_FAST_MATH = YES;
				ONLY_ACTIVE_ARCH = YES;
				SDKROOT = iphoneos;
				SWIFT_ACTIVE_COMPILATION_CONDITIONS = "DEBUG $(inherited)";
				SWIFT_OPTIMIZATION_LEVEL = "-Onone";
			};
			name = Debug;
		};
		AA11BB22CC33DD44EE55000D /* Release */ = {
			isa = XCBuildConfiguration;
			buildSettings = {
				ALWAYS_SEARCH_USER_PATHS = NO;
				CLANG_ENABLE_MODULES = YES;
				CLANG_ENABLE_OBJC_ARC = YES;
				COPY_PHASE_STRIP = NO;
				DEBUG_INFORMATION_FORMAT = "dwarf-with-dsym";
				ENABLE_NS_ASSERTIONS = NO;
				ENABLE_STRICT_OBJC_MSGSEND = YES;
				ENABLE_USER_SCRIPT_SANDBOXING = YES;
				GCC_C_LANGUAGE_STANDARD = gnu17;
				GCC_NO_COMMON_BLOCKS = YES;
				IPHONEOS_DEPLOYMENT_TARGET = 17.0;
				MTL_ENABLE_DEBUG_INFO = NO;
				MTL_FAST_MATH = YES;
				SDKROOT = iphoneos;
				SWIFT_COMPILATION_MODE = wholemodule;
				VALIDATE_PRODUCT = YES;
			};
			name = Release;
		};
		AA11BB22CC33DD44EE55000E /* Debug */ = {
			isa = XCBuildConfiguration;
			baseConfigurationReference = AA11BB22CC33DD44EE550011 /* Config.xcconfig */;
			buildSettings = {
				ASSETCATALOG_COMPILER_APPICON_NAME = AppIcon;
				ASSETCATALOG_COMPILER_GLOBAL_ACCENT_COLOR_NAME = AccentColor;
				CODE_SIGN_ENTITLEMENTS = WalkUP.entitlements;
				CODE_SIGN_STYLE = Automatic;
				DEVELOPMENT_TEAM = C3QY49MZ54;
				CURRENT_PROJECT_VERSION = 1;
				DEVELOPMENT_ASSET_PATHS = "";
				ENABLE_PREVIEWS = YES;
				GENERATE_INFOPLIST_FILE = YES;
				INFOPLIST_FILE = Info.plist;
				INFOPLIST_KEY_CFBundleDisplayName = "Walk UP!";
				INFOPLIST_KEY_NSHealthShareUsageDescription = "歩いた歩数をゲームの活力と経験値に変換するために、ヘルスケアの歩数データを読み取ります。データが端末の外に送信されることはありません。";
				INFOPLIST_KEY_UILaunchScreen_Generation = YES;
				INFOPLIST_KEY_UISupportedInterfaceOrientations = UIInterfaceOrientationPortrait;
				IPHONEOS_DEPLOYMENT_TARGET = 17.0;
				LD_RUNPATH_SEARCH_PATHS = (
					"$(inherited)",
					"@executable_path/Frameworks",
				);
				MARKETING_VERSION = 0.1.0;
				PRODUCT_BUNDLE_IDENTIFIER = com.akaoonaga.walkup;
				PRODUCT_NAME = "$(TARGET_NAME)";
				SWIFT_EMIT_LOC_STRINGS = YES;
				SWIFT_VERSION = 5.0;
				TARGETED_DEVICE_FAMILY = 1;
			};
			name = Debug;
		};
		AA11BB22CC33DD44EE55000F /* Release */ = {
			isa = XCBuildConfiguration;
			baseConfigurationReference = AA11BB22CC33DD44EE550011 /* Config.xcconfig */;
			buildSettings = {
				ASSETCATALOG_COMPILER_APPICON_NAME = AppIcon;
				ASSETCATALOG_COMPILER_GLOBAL_ACCENT_COLOR_NAME = AccentColor;
				CODE_SIGN_ENTITLEMENTS = WalkUP.entitlements;
				CODE_SIGN_STYLE = Automatic;
				DEVELOPMENT_TEAM = C3QY49MZ54;
				CURRENT_PROJECT_VERSION = 1;
				DEVELOPMENT_ASSET_PATHS = "";
				ENABLE_PREVIEWS = YES;
				GENERATE_INFOPLIST_FILE = YES;
				INFOPLIST_FILE = Info.plist;
				INFOPLIST_KEY_CFBundleDisplayName = "Walk UP!";
				INFOPLIST_KEY_NSHealthShareUsageDescription = "歩いた歩数をゲームの活力と経験値に変換するために、ヘルスケアの歩数データを読み取ります。データが端末の外に送信されることはありません。";
				INFOPLIST_KEY_UILaunchScreen_Generation = YES;
				INFOPLIST_KEY_UISupportedInterfaceOrientations = UIInterfaceOrientationPortrait;
				IPHONEOS_DEPLOYMENT_TARGET = 17.0;
				LD_RUNPATH_SEARCH_PATHS = (
					"$(inherited)",
					"@executable_path/Frameworks",
				);
				MARKETING_VERSION = 0.1.0;
				PRODUCT_BUNDLE_IDENTIFIER = com.akaoonaga.walkup;
				PRODUCT_NAME = "$(TARGET_NAME)";
				SWIFT_EMIT_LOC_STRINGS = YES;
				SWIFT_VERSION = 5.0;
				TARGETED_DEVICE_FAMILY = 1;
			};
			name = Release;
		};
/* End XCBuildConfiguration section */

/* Begin XCConfigurationList section */
		AA11BB22CC33DD44EE55000A /* Build configuration list for PBXProject "WalkUP" */ = {
			isa = XCConfigurationList;
			buildConfigurations = (
				AA11BB22CC33DD44EE55000C /* Debug */,
				AA11BB22CC33DD44EE55000D /* Release */,
			);
			defaultConfigurationIsVisible = 0;
			defaultConfigurationName = Release;
		};
		AA11BB22CC33DD44EE55000B /* Build configuration list for PBXNativeTarget "WalkUP" */ = {
			isa = XCConfigurationList;
			buildConfigurations = (
				AA11BB22CC33DD44EE55000E /* Debug */,
				AA11BB22CC33DD44EE55000F /* Release */,
			);
			defaultConfigurationIsVisible = 0;
			defaultConfigurationName = Release;
		};
/* End XCConfigurationList section */

/* Begin XCRemoteSwiftPackageReference section */
		AA11BB22CC33DD44EE550020 /* XCRemoteSwiftPackageReference "purchases-ios-spm" */ = {
			isa = XCRemoteSwiftPackageReference;
			repositoryURL = "https://github.com/RevenueCat/purchases-ios-spm.git";
			requirement = {
				kind = upToNextMajorVersion;
				minimumVersion = 5.81.2;
			};
		};
/* End XCRemoteSwiftPackageReference section */

/* Begin XCSwiftPackageProductDependency section */
		AA11BB22CC33DD44EE550021 /* RevenueCat */ = {
			isa = XCSwiftPackageProductDependency;
			package = AA11BB22CC33DD44EE550020 /* XCRemoteSwiftPackageReference "purchases-ios-spm" */;
			productName = RevenueCat;
		};
/* End XCSwiftPackageProductDependency section */
	};
	rootObject = AA11BB22CC33DD44EE550001 /* Project object */;
}
